
Microsoft Visual Studio Solution File, Format Version 12.00
# Visual Studio Version 17
VisualStudioVersion = 17.7.34221.43
MinimumVisualStudioVersion = 10.0.40219.1
Project("{9A19103F-16F7-4668-BE54-9A1E7A4F7556}") = "WebAPITemplate", "WebAPITemplate\WebAPITemplate.csproj", "{980998B6-61EB-4397-BA48-6D922B6E0047}"
EndProject
Global
	GlobalSection(SolutionConfigurationPlatforms) = preSolution
		Debug|Any CPU = Debug|Any CPU
		Release|Any CPU = Release|Any CPU
	EndGlobalSection
	GlobalSection(ProjectConfigurationPlatforms) = postSolution
		{980998B6-61EB-4397-BA48-6D922B6E0047}.Debug|Any CPU.ActiveCfg = Debug|Any CPU
		{980998B6-61EB-4397-BA48-6D922B6E0047}.Debug|Any CPU.Build.0 = Debug|Any CPU
		{980998B6-61EB-4397-BA48-6D922B6E0047}.Release|Any CPU.ActiveCfg = Release|Any CPU
		{980998B6-61EB-4397-BA48-6D922B6E0047}.Release|Any CPU.Build.0 = Release|Any CPU
	EndGlobalSection
	GlobalSection(SolutionProperties) = preSolution
		HideSolutionNode = FALSE
	EndGlobalSection
	GlobalSection(ExtensibilityGlobals) = postSolution
		SolutionGuid = {C3DF1315-C7E7-429E-9151-97CE1EC92C71}
	EndGlobalSection
EndGlobal
